
Microsoft Visual Studio Solution File, Format Version 12.00
# Visual Studio Version 17
VisualStudioVersion = 17.14.36202.13 d17.14
MinimumVisualStudioVersion = 10.0.40219.1
Project("{FAE04EC0-301F-11D3-BF4B-00C04F79EFBC}") = "SharpNEX.Engine.Platform.Windows", "SharpNEX.Engine.Platform.Windows.csproj", "{F211A88F-5CF2-A562-A877-71BBB9BCD0F2}"
EndProject
Global
	GlobalSection(SolutionConfigurationPlatforms) = preSolution
		Debug|Any CPU = Debug|Any CPU
		Release|Any CPU = Release|Any CPU
	EndGlobalSection
	GlobalSection(ProjectConfigurationPlatforms) = postSolution
		{F211A88F-5CF2-A562-A877-71BBB9BCD0F2}.Debug|Any CPU.ActiveCfg = Debug|Any CPU
		{F211A88F-5CF2-A562-A877-71BBB9BCD0F2}.Debug|Any CPU.Build.0 = Debug|Any CPU
		{F211A88F-5CF2-A562-A877-71BBB9BCD0F2}.Release|Any CPU.ActiveCfg = Release|Any CPU
		{F211A88F-5CF2-A562-A877-71BBB9BCD0F2}.Release|Any CPU.Build.0 = Release|Any CPU
	EndGlobalSection
	GlobalSection(SolutionProperties) = preSolution
		HideSolutionNode = FALSE
	EndGlobalSection
	GlobalSection(ExtensibilityGlobals) = postSolution
		SolutionGuid = {7CB19BCD-E796-45B2-BEE0-B47374F32847}
	EndGlobalSection
EndGlobal
